
Microsoft Visual Studio Solution File, Format Version 12.00
# Visual Studio Version 17
VisualStudioVersion = 17.14.36203.30
MinimumVisualStudioVersion = 10.0.40219.1
Project("{FAE04EC0-301F-11D3-BF4B-00C04F79EFBC}") = "PresentationLayer", "PresentationLayer\PresentationLayer.csproj", "{6F22E29B-6306-455D-9D93-3C252E61CF57}"
EndProject
Project("{FAE04EC0-301F-11D3-BF4B-00C04F79EFBC}") = "BusinessLogicLayer", "BusinessLogicLayer\BusinessLogicLayer.csproj", "{C8B6A461-3E6C-45BF-A728-E03B804DEECA}"
EndProject
Project("{FAE04EC0-301F-11D3-BF4B-00C04F79EFBC}") = "DataAccessLayer", "DataAccessLayer\DataAccessLayer.csproj", "{0C1B5274-651E-47C1-9A28-0FFFA689CA2D}"
EndProject
Project("{FAE04EC0-301F-11D3-BF4B-00C04F79EFBC}") = "RootLayer", "RootLayer\RootLayer.csproj", "{FCA67144-619F-4D41-886F-EC1A1B93F6DE}"
EndProject
Global
	GlobalSection(SolutionConfigurationPlatforms) = preSolution
		Debug|Any CPU = Debug|Any CPU
		Release|Any CPU = Release|Any CPU
	EndGlobalSection
	GlobalSection(ProjectConfigurationPlatforms) = postSolution
		{6F22E29B-6306-455D-9D93-3C252E61CF57}.Debug|Any CPU.ActiveCfg = Debug|Any CPU
		{6F22E29B-6306-455D-9D93-3C252E61CF57}.Debug|Any CPU.Build.0 = Debug|Any CPU
		{6F22E29B-6306-455D-9D93-3C252E61CF57}.Release|Any CPU.ActiveCfg = Release|Any CPU
		{6F22E29B-6306-455D-9D93-3C252E61CF57}.Release|Any CPU.Build.0 = Release|Any CPU
		{C8B6A461-3E6C-45BF-A728-E03B804DEECA}.Debug|Any CPU.ActiveCfg = Debug|Any CPU
		{C8B6A461-3E6C-45BF-A728-E03B804DEECA}.Debug|Any CPU.Build.0 = Debug|Any CPU
		{C8B6A461-3E6C-45BF-A728-E03B804DEECA}.Release|Any CPU.ActiveCfg = Release|Any CPU
		{C8B6A461-3E6C-45BF-A728-E03B804DEECA}.Release|Any CPU.Build.0 = Release|Any CPU
		{0C1B5274-651E-47C1-9A28-0FFFA689CA2D}.Debug|Any CPU.ActiveCfg = Debug|Any CPU
		{0C1B5274-651E-47C1-9A28-0FFFA689CA2D}.Debug|Any CPU.Build.0 = Debug|Any CPU
		{0C1B5274-651E-47C1-9A28-0FFFA689CA2D}.Release|Any CPU.ActiveCfg = Release|Any CPU
		{0C1B5274-651E-47C1-9A28-0FFFA689CA2D}.Release|Any CPU.Build.0 = Release|Any CPU
		{FCA67144-619F-4D41-886F-EC1A1B93F6DE}.Debug|Any CPU.ActiveCfg = Debug|Any CPU
		{FCA67144-619F-4D41-886F-EC1A1B93F6DE}.Debug|Any CPU.Build.0 = Debug|Any CPU
		{FCA67144-619F-4D41-886F-EC1A1B93F6DE}.Release|Any CPU.ActiveCfg = Release|Any CPU
		{FCA67144-619F-4D41-886F-EC1A1B93F6DE}.Release|Any CPU.Build.0 = Release|Any CPU
	EndGlobalSection
	GlobalSection(SolutionProperties) = preSolution
		HideSolutionNode = FALSE
	EndGlobalSection
	GlobalSection(ExtensibilityGlobals) = postSolution
		SolutionGuid = {746B04AA-A7C2-458D-9AD3-B5F25BF5A90B}
	EndGlobalSection
EndGlobal
